
Microsoft Visual Studio Solution File, Format Version 12.00
# Visual Studio 15
VisualStudioVersion = 15.0.28307.572
MinimumVisualStudioVersion = 10.0.40219.1
Project("{FAE04EC0-301F-11D3-BF4B-00C04F79EFBC}") = "Calculator", "Calculator\Calculator.csproj", "{F79E3C8B-5197-4457-9457-8B23B7957334}"
EndProject
Global
	GlobalSection(SolutionConfigurationPlatforms) = preSolution
		Debug|Any CPU = Debug|Any CPU
		Release|Any CPU = Release|Any CPU
	EndGlobalSection
	GlobalSection(ProjectConfigurationPlatforms) = postSolution
		{F79E3C8B-5197-4457-9457-8B23B7957334}.Debug|Any CPU.ActiveCfg = Debug|Any CPU
		{F79E3C8B-5197-4457-9457-8B23B7957334}.Debug|Any CPU.Build.0 = Debug|Any CPU
		{F79E3C8B-5197-4457-9457-8B23B7957334}.Release|Any CPU.ActiveCfg = Release|Any CPU
		{F79E3C8B-5197-4457-9457-8B23B7957334}.Release|Any CPU.Build.0 = Release|Any CPU
	EndGlobalSection
	GlobalSection(SolutionProperties) = preSolution
		HideSolutionNode = FALSE
	EndGlobalSection
	GlobalSection(ExtensibilityGlobals) = postSolution
		SolutionGuid = {D2204DFD-C035-4D58-B418-A6F25BD23F6C}
	EndGlobalSection
EndGlobal
